
Microsoft Visual Studio Solution File, Format Version 12.00
# Visual Studio Version 17
VisualStudioVersion = 17.7.34221.43
MinimumVisualStudioVersion = 10.0.40219.1
Project("{FAE04EC0-301F-11D3-BF4B-00C04F79EFBC}") = "skoropechat", "skoropechat\skoropechat.csproj", "{2935C899-4233-4919-AF6D-048F2914DE00}"
EndProject
Global
	GlobalSection(SolutionConfigurationPlatforms) = preSolution
		Debug|Any CPU = Debug|Any CPU
		Release|Any CPU = Release|Any CPU
	EndGlobalSection
	GlobalSection(ProjectConfigurationPlatforms) = postSolution
		{2935C899-4233-4919-AF6D-048F2914DE00}.Debug|Any CPU.ActiveCfg = Debug|Any CPU
		{2935C899-4233-4919-AF6D-048F2914DE00}.Debug|Any CPU.Build.0 = Debug|Any CPU
		{2935C899-4233-4919-AF6D-048F2914DE00}.Release|Any CPU.ActiveCfg = Release|Any CPU
		{2935C899-4233-4919-AF6D-048F2914DE00}.Release|Any CPU.Build.0 = Release|Any CPU
	EndGlobalSection
	GlobalSection(SolutionProperties) = preSolution
		HideSolutionNode = FALSE
	EndGlobalSection
	GlobalSection(ExtensibilityGlobals) = postSolution
		SolutionGuid = {0CC50A6B-4E81-4476-9A45-03E1B8C81CE8}
	EndGlobalSection
EndGlobal
